
Microsoft Visual Studio Solution File, Format Version 12.00
# Visual Studio Version 17
VisualStudioVersion = 17.11.35208.52
MinimumVisualStudioVersion = 10.0.40219.1
Project("{8BC9CEB8-8B4A-11D0-8D11-00A0C91BC942}") = "program", "program.vcxproj", "{0DC9D5DA-56CA-4692-813C-33875D25ECEF}"
EndProject
Project("{8BC9CEB8-8B4A-11D0-8D11-00A0C91BC942}") = "Class 1th (printf)", "..\Class 1th (printf)\Class 1th (printf).vcxproj", "{DBAEF381-2A34-45E8-933A-06442D23A3F1}"
EndProject
Project("{8BC9CEB8-8B4A-11D0-8D11-00A0C91BC942}") = "class2th (variable & Constant)", "..\class2th (variable & Constant)\class2th (variable & Constant).vcxproj", "{23854C16-CFF8-4CCF-BC6C-29E2704C627F}"
EndProject
Project("{8BC9CEB8-8B4A-11D0-8D11-00A0C91BC942}") = "Class3th (bit)", "..\Class3th (bit)\Class3th (bit).vcxproj", "{D59C6781-1B83-445C-8CBF-26A503711DEC}"
EndProject
Project("{8BC9CEB8-8B4A-11D0-8D11-00A0C91BC942}") = "Class4th (Overflow &  Underflow)", "..\Class4th (Overflow &  Underflow)\Class4th (Overflow &  Underflow).vcxproj", "{94E27AF2-A5FD-4628-A8AB-39CD6B36E10C}"
EndProject
Project("{8BC9CEB8-8B4A-11D0-8D11-00A0C91BC942}") = "class5th (Conditional statement)", "..\class5th (Conditional statement)\class5th (Conditional statement).vcxproj", "{ACB64EB1-3BD9-4A00-A4C4-A34629FE860C}"
EndProject
Project("{8BC9CEB8-8B4A-11D0-8D11-00A0C91BC942}") = "Class6th (Iteration Statement)", "..\Class6th (Iteration Statement)\Class6th (Iteration Statement).vcxproj", "{5FBB2C69-599B-4347-B5AB-CC753A10756E}"
EndProject
Project("{8BC9CEB8-8B4A-11D0-8D11-00A0C91BC942}") = "Class7th (Type Conversion)", "..\Class7th (Type Conversion)\Class7th (Type Conversion).vcxproj", "{360991AB-06E8-4BA9-802B-7B83F9FD2D47}"
EndProject
Global
	GlobalSection(SolutionConfigurationPlatforms) = preSolution
		Debug|x64 = Debug|x64
		Debug|x86 = Debug|x86
		Release|x64 = Release|x64
		Release|x86 = Release|x86
	EndGlobalSection
	GlobalSection(ProjectConfigurationPlatforms) = postSolution
		{0DC9D5DA-56CA-4692-813C-33875D25ECEF}.Debug|x64.ActiveCfg = Debug|x64
		{0DC9D5DA-56CA-4692-813C-33875D25ECEF}.Debug|x64.Build.0 = Debug|x64
		{0DC9D5DA-56CA-4692-813C-33875D25ECEF}.Debug|x86.ActiveCfg = Debug|Win32
		{0DC9D5DA-56CA-4692-813C-33875D25ECEF}.Debug|x86.Build.0 = Debug|Win32
		{0DC9D5DA-56CA-4692-813C-33875D25ECEF}.Release|x64.ActiveCfg = Release|x64
		{0DC9D5DA-56CA-4692-813C-33875D25ECEF}.Release|x64.Build.0 = Release|x64
		{0DC9D5DA-56CA-4692-813C-33875D25ECEF}.Release|x86.ActiveCfg = Release|Win32
		{0DC9D5DA-56CA-4692-813C-33875D25ECEF}.Release|x86.Build.0 = Release|Win32
		{DBAEF381-2A34-45E8-933A-06442D23A3F1}.Debug|x64.ActiveCfg = Debug|x64
		{DBAEF381-2A34-45E8-933A-06442D23A3F1}.Debug|x64.Build.0 = Debug|x64
		{DBAEF381-2A34-45E8-933A-06442D23A3F1}.Debug|x86.ActiveCfg = Debug|Win32
		{DBAEF381-2A34-45E8-933A-06442D23A3F1}.Debug|x86.Build.0 = Debug|Win32
		{DBAEF381-2A34-45E8-933A-06442D23A3F1}.Release|x64.ActiveCfg = Release|x64
		{DBAEF381-2A34-45E8-933A-06442D23A3F1}.Release|x64.Build.0 = Release|x64
		{DBAEF381-2A34-45E8-933A-06442D23A3F1}.Release|x86.ActiveCfg = Release|Win32
		{DBAEF381-2A34-45E8-933A-06442D23A3F1}.Release|x86.Build.0 = Release|Win32
		{23854C16-CFF8-4CCF-BC6C-29E2704C627F}.Debug|x64.ActiveCfg = Debug|x64
		{23854C16-CFF8-4CCF-BC6C-29E2704C627F}.Debug|x64.Build.0 = Debug|x64
		{23854C16-CFF8-4CCF-BC6C-29E2704C627F}.Debug|x86.ActiveCfg = Debug|Win32
		{23854C16-CFF8-4CCF-BC6C-29E2704C627F}.Debug|x86.Build.0 = Debug|Win32
		{23854C16-CFF8-4CCF-BC6C-29E2704C627F}.Release|x64.ActiveCfg = Release|x64
		{23854C16-CFF8-4CCF-BC6C-29E2704C627F}.Release|x64.Build.0 = Release|x64
		{23854C16-CFF8-4CCF-BC6C-29E2704C627F}.Release|x86.ActiveCfg = Release|Win32
		{23854C16-CFF8-4CCF-BC6C-29E2704C627F}.Release|x86.Build.0 = Release|Win32
		{D59C6781-1B83-445C-8CBF-26A503711DEC}.Debug|x64.ActiveCfg = Debug|x64
		{D59C6781-1B83-445C-8CBF-26A503711DEC}.Debug|x64.Build.0 = Debug|x64
		{D59C6781-1B83-445C-8CBF-26A503711DEC}.Debug|x86.ActiveCfg = Debug|Win32
		{D59C6781-1B83-445C-8CBF-26A503711DEC}.Debug|x86.Build.0 = Debug|Win32
		{D59C6781-1B83-445C-8CBF-26A503711DEC}.Release|x64.ActiveCfg = Release|x64
		{D59C6781-1B83-445C-8CBF-26A503711DEC}.Release|x64.Build.0 = Release|x64
		{D59C6781-1B83-445C-8CBF-26A503711DEC}.Release|x86.ActiveCfg = Release|Win32
		{D59C6781-1B83-445C-8CBF-26A503711DEC}.Release|x86.Build.0 = Release|Win32
		{94E27AF2-A5FD-4628-A8AB-39CD6B36E10C}.Debug|x64.ActiveCfg = Debug|x64
		{94E27AF2-A5FD-4628-A8AB-39CD6B36E10C}.Debug|x64.Build.0 = Debug|x64
		{94E27AF2-A5FD-4628-A8AB-39CD6B36E10C}.Debug|x86.ActiveCfg = Debug|Win32
		{94E27AF2-A5FD-4628-A8AB-39CD6B36E10C}.Debug|x86.Build.0 = Debug|Win32
		{94E27AF2-A5FD-4628-A8AB-39CD6B36E10C}.Release|x64.ActiveCfg = Release|x64
		{94E27AF2-A5FD-4628-A8AB-39CD6B36E10C}.Release|x64.Build.0 = Release|x64
		{94E27AF2-A5FD-4628-A8AB-39CD6B36E10C}.Release|x86.ActiveCfg = Release|Win32
		{94E27AF2-A5FD-4628-A8AB-39CD6B36E10C}.Release|x86.Build.0 = Release|Win32
		{ACB64EB1-3BD9-4A00-A4C4-A34629FE860C}.Debug|x64.ActiveCfg = Debug|x64
		{ACB64EB1-3BD9-4A00-A4C4-A34629FE860C}.Debug|x64.Build.0 = Debug|x64
		{ACB64EB1-3BD9-4A00-A4C4-A34629FE860C}.Debug|x86.ActiveCfg = Debug|Win32
		{ACB64EB1-3BD9-4A00-A4C4-A34629FE860C}.Debug|x86.Build.0 = Debug|Win32
		{ACB64EB1-3BD9-4A00-A4C4-A34629FE860C}.Release|x64.ActiveCfg = Release|x64
		{ACB64EB1-3BD9-4A00-A4C4-A34629FE860C}.Release|x64.Build.0 = Release|x64
		{ACB64EB1-3BD9-4A00-A4C4-A34629FE860C}.Release|x86.ActiveCfg = Release|Win32
		{ACB64EB1-3BD9-4A00-A4C4-A34629FE860C}.Release|x86.Build.0 = Release|Win32
		{5FBB2C69-599B-4347-B5AB-CC753A10756E}.Debug|x64.ActiveCfg = Debug|x64
		{5FBB2C69-599B-4347-B5AB-CC753A10756E}.Debug|x64.Build.0 = Debug|x64
		{5FBB2C69-599B-4347-B5AB-CC753A10756E}.Debug|x86.ActiveCfg = Debug|Win32
		{5FBB2C69-599B-4347-B5AB-CC753A10756E}.Debug|x86.Build.0 = Debug|Win32
		{5FBB2C69-599B-4347-B5AB-CC753A10756E}.Release|x64.ActiveCfg = Release|x64
		{5FBB2C69-599B-4347-B5AB-CC753A10756E}.Release|x64.Build.0 = Release|x64
		{5FBB2C69-599B-4347-B5AB-CC753A10756E}.Release|x86.ActiveCfg = Release|Win32
		{5FBB2C69-599B-4347-B5AB-CC753A10756E}.Release|x86.Build.0 = Release|Win32
		{360991AB-06E8-4BA9-802B-7B83F9FD2D47}.Debug|x64.ActiveCfg = Debug|x64
		{360991AB-06E8-4BA9-802B-7B83F9FD2D47}.Debug|x64.Build.0 = Debug|x64
		{360991AB-06E8-4BA9-802B-7B83F9FD2D47}.Debug|x86.ActiveCfg = Debug|Win32
		{360991AB-06E8-4BA9-802B-7B83F9FD2D47}.Debug|x86.Build.0 = Debug|Win32
		{360991AB-06E8-4BA9-802B-7B83F9FD2D47}.Release|x64.ActiveCfg = Release|x64
		{360991AB-06E8-4BA9-802B-7B83F9FD2D47}.Release|x64.Build.0 = Release|x64
		{360991AB-06E8-4BA9-802B-7B83F9FD2D47}.Release|x86.ActiveCfg = Release|Win32
		{360991AB-06E8-4BA9-802B-7B83F9FD2D47}.Release|x86.Build.0 = Release|Win32
	EndGlobalSection
	GlobalSection(SolutionProperties) = preSolution
		HideSolutionNode = FALSE
	EndGlobalSection
	GlobalSection(ExtensibilityGlobals) = postSolution
		SolutionGuid = {525EB83E-2DE2-473F-9AD4-02950CA0DC26}
	EndGlobalSection
EndGlobal
